{
  "name": "sanzao_ceshi",
  "version": "1.0.0",
  "lockfileVersion": 1,
  "requires": true,
  "dependencies": {
    "tki-qrcode": {
      "version": "0.1.6",
      "resolved": "https://registry.nlark.com/tki-qrcode/download/tki-qrcode-0.1.6.tgz",
      "integrity": "sha1-cTc9nEs/iUT6pU0+6Ziroz2X3n8="
    },
    "uview-ui": {
      "version": "1.8.4",
      "resolved": "https://registry.npm.taobao.org/uview-ui/download/uview-ui-1.8.4.tgz",
      "integrity": "sha1-4yu/I3lCHTGQIuMk4ct7U4fTvUQ="
    }
  }
}
