# THIS IS AN AUTOGENERATED FILE. DO NOT EDIT THIS FILE DIRECTLY.
# yarn lockfile v1


tki-qrcode@^0.1.6:
  version "0.1.6"
  resolved "https://registry.npm.taobao.org/tki-qrcode/download/tki-qrcode-0.1.6.tgz#71373d9c4b3f8944faa54d3ee998aba33d97de7f"
  integrity sha1-cTc9nEs/iUT6pU0+6Ziroz2X3n8=

uview-ui@^1.8.4:
  version "1.8.5"
  resolved "https://registry.npmmirror.com/uview-ui/download/uview-ui-1.8.5.tgz#15bc72b8542285db2d09f99f24c629e3f9832a3e"
  integrity sha512-dZHtRAH5HW1dLZW5HfO0hDrGpcxnMgbLDLKxbM/jRvgytJBKF7icpuIU607fVF0lGaKp3jUE/IhqoIw4uliYAA==
